
Microsoft Visual Studio Solution File, Format Version 12.00
# Visual Studio Version 17
VisualStudioVersion = 17.13.35818.85 d17.13
MinimumVisualStudioVersion = 10.0.40219.1
Project("{FAE04EC0-301F-11D3-BF4B-00C04F79EFBC}") = "orders-api", "orders-api.csproj", "{23F02B06-99E7-4214-9EA6-2D37F7047ABC}"
EndProject
Global
	GlobalSection(SolutionConfigurationPlatforms) = preSolution
		Debug|Any CPU = Debug|Any CPU
		Release|Any CPU = Release|Any CPU
	EndGlobalSection
	GlobalSection(ProjectConfigurationPlatforms) = postSolution
		{23F02B06-99E7-4214-9EA6-2D37F7047ABC}.Debug|Any CPU.ActiveCfg = Debug|Any CPU
		{23F02B06-99E7-4214-9EA6-2D37F7047ABC}.Debug|Any CPU.Build.0 = Debug|Any CPU
		{23F02B06-99E7-4214-9EA6-2D37F7047ABC}.Release|Any CPU.ActiveCfg = Release|Any CPU
		{23F02B06-99E7-4214-9EA6-2D37F7047ABC}.Release|Any CPU.Build.0 = Release|Any CPU
	EndGlobalSection
	GlobalSection(SolutionProperties) = preSolution
		HideSolutionNode = FALSE
	EndGlobalSection
	GlobalSection(ExtensibilityGlobals) = postSolution
		SolutionGuid = {BCAD3E51-A9F9-4AA2-989D-39083BBE5F12}
	EndGlobalSection
EndGlobal
